
Microsoft Visual Studio Solution File, Format Version 12.00
# Visual Studio 15
VisualStudioVersion = 15.0.26730.15
MinimumVisualStudioVersion = 10.0.40219.1
Project("{FAE04EC0-301F-11D3-BF4B-00C04F79EFBC}") = "ContactsWebApi", "ContactsWebApi\ContactsWebApi.csproj", "{FECF0ED3-A20A-4836-8F09-012D11506DAF}"
EndProject
Global
	GlobalSection(SolutionConfigurationPlatforms) = preSolution
		Debug|Any CPU = Debug|Any CPU
		Release|Any CPU = Release|Any CPU
	EndGlobalSection
	GlobalSection(ProjectConfigurationPlatforms) = postSolution
		{FECF0ED3-A20A-4836-8F09-012D11506DAF}.Debug|Any CPU.ActiveCfg = Debug|Any CPU
		{FECF0ED3-A20A-4836-8F09-012D11506DAF}.Debug|Any CPU.Build.0 = Debug|Any CPU
		{FECF0ED3-A20A-4836-8F09-012D11506DAF}.Release|Any CPU.ActiveCfg = Release|Any CPU
		{FECF0ED3-A20A-4836-8F09-012D11506DAF}.Release|Any CPU.Build.0 = Release|Any CPU
	EndGlobalSection
	GlobalSection(SolutionProperties) = preSolution
		HideSolutionNode = FALSE
	EndGlobalSection
	GlobalSection(ExtensibilityGlobals) = postSolution
		SolutionGuid = {EFC2DE30-7BF6-4343-A4AC-340A999714DF}
	EndGlobalSection
EndGlobal
